
Microsoft Visual Studio Solution File, Format Version 12.00
# Visual Studio Version 16
VisualStudioVersion = 16.0.29025.244
MinimumVisualStudioVersion = 10.0.40219.1
Project("{9A19103F-16F7-4668-BE54-9A1E7A4F7556}") = "InfoMovies.UI.Web", "src\InfoMovies.UI.Web\InfoMovies.UI.Web.csproj", "{F035E809-A2D1-4689-B58C-7FF229F2B2C7}"
EndProject
Project("{2150E333-8FDC-42A3-9474-1A3956D46DE8}") = "src", "src", "{E1E6E96C-3CBC-4265-8555-D2AC2E7C6E0C}"
EndProject
Project("{2150E333-8FDC-42A3-9474-1A3956D46DE8}") = "1 - Presentation", "1 - Presentation", "{07FC5843-E943-4A40-A9B1-72ECFBE65B43}"
EndProject
Project("{2150E333-8FDC-42A3-9474-1A3956D46DE8}") = "2 - Application", "2 - Application", "{3D7EC6C4-F865-4AF9-81C4-911B6EC802BC}"
EndProject
Project("{2150E333-8FDC-42A3-9474-1A3956D46DE8}") = "3 - Domain", "3 - Domain", "{EE4E3A13-86B8-4846-AB8D-F8AA32DCC461}"
EndProject
Project("{2150E333-8FDC-42A3-9474-1A3956D46DE8}") = "4 - Infra", "4 - Infra", "{BADE49E7-FED4-42E4-9E0B-BE7641A9A23D}"
EndProject
Project("{9A19103F-16F7-4668-BE54-9A1E7A4F7556}") = "InfoMovies.Domain", "src\InfoMovies.Domain\InfoMovies.Domain.csproj", "{D75B5F3C-3138-41CB-A290-F0E8A04DEE82}"
EndProject
Project("{2150E333-8FDC-42A3-9474-1A3956D46DE8}") = "4.1 - Data", "4.1 - Data", "{6AAE1152-A02E-4DED-B0C0-AAEC9FC19135}"
EndProject
Project("{9A19103F-16F7-4668-BE54-9A1E7A4F7556}") = "InfoMovies.Infra.Data", "src\InfoMovies.Infra.Data\InfoMovies.Infra.Data.csproj", "{333FB2A5-AF4F-4D2C-83D3-15892069613D}"
EndProject
Project("{2150E333-8FDC-42A3-9474-1A3956D46DE8}") = "4.2 - CrossCutting", "4.2 - CrossCutting", "{516AA424-05BE-46F7-BD00-7BBF720FDEF1}"
EndProject
Project("{9A19103F-16F7-4668-BE54-9A1E7A4F7556}") = "InfoMovies.Infra.CrossCutting.IoC", "src\InfoMovies.Infra.CrossCutting.IoC\InfoMovies.Infra.CrossCutting.IoC.csproj", "{620890D8-74BB-4766-AA62-10F6DF4E5B6E}"
EndProject
Project("{9A19103F-16F7-4668-BE54-9A1E7A4F7556}") = "InfoMovies.Application", "src\InfoMovies.Application\InfoMovies.Application.csproj", "{FB22D7BB-378F-4BB5-B411-21D86825C2CC}"
EndProject
Global
	GlobalSection(SolutionConfigurationPlatforms) = preSolution
		Debug|Any CPU = Debug|Any CPU
		Release|Any CPU = Release|Any CPU
	EndGlobalSection
	GlobalSection(ProjectConfigurationPlatforms) = postSolution
		{F035E809-A2D1-4689-B58C-7FF229F2B2C7}.Debug|Any CPU.ActiveCfg = Debug|Any CPU
		{F035E809-A2D1-4689-B58C-7FF229F2B2C7}.Debug|Any CPU.Build.0 = Debug|Any CPU
		{F035E809-A2D1-4689-B58C-7FF229F2B2C7}.Release|Any CPU.ActiveCfg = Release|Any CPU
		{F035E809-A2D1-4689-B58C-7FF229F2B2C7}.Release|Any CPU.Build.0 = Release|Any CPU
		{D75B5F3C-3138-41CB-A290-F0E8A04DEE82}.Debug|Any CPU.ActiveCfg = Debug|Any CPU
		{D75B5F3C-3138-41CB-A290-F0E8A04DEE82}.Debug|Any CPU.Build.0 = Debug|Any CPU
		{D75B5F3C-3138-41CB-A290-F0E8A04DEE82}.Release|Any CPU.ActiveCfg = Release|Any CPU
		{D75B5F3C-3138-41CB-A290-F0E8A04DEE82}.Release|Any CPU.Build.0 = Release|Any CPU
		{333FB2A5-AF4F-4D2C-83D3-15892069613D}.Debug|Any CPU.ActiveCfg = Debug|Any CPU
		{333FB2A5-AF4F-4D2C-83D3-15892069613D}.Debug|Any CPU.Build.0 = Debug|Any CPU
		{333FB2A5-AF4F-4D2C-83D3-15892069613D}.Release|Any CPU.ActiveCfg = Release|Any CPU
		{333FB2A5-AF4F-4D2C-83D3-15892069613D}.Release|Any CPU.Build.0 = Release|Any CPU
		{620890D8-74BB-4766-AA62-10F6DF4E5B6E}.Debug|Any CPU.ActiveCfg = Debug|Any CPU
		{620890D8-74BB-4766-AA62-10F6DF4E5B6E}.Debug|Any CPU.Build.0 = Debug|Any CPU
		{620890D8-74BB-4766-AA62-10F6DF4E5B6E}.Release|Any CPU.ActiveCfg = Release|Any CPU
		{620890D8-74BB-4766-AA62-10F6DF4E5B6E}.Release|Any CPU.Build.0 = Release|Any CPU
		{FB22D7BB-378F-4BB5-B411-21D86825C2CC}.Debug|Any CPU.ActiveCfg = Debug|Any CPU
		{FB22D7BB-378F-4BB5-B411-21D86825C2CC}.Debug|Any CPU.Build.0 = Debug|Any CPU
		{FB22D7BB-378F-4BB5-B411-21D86825C2CC}.Release|Any CPU.ActiveCfg = Release|Any CPU
		{FB22D7BB-378F-4BB5-B411-21D86825C2CC}.Release|Any CPU.Build.0 = Release|Any CPU
	EndGlobalSection
	GlobalSection(SolutionProperties) = preSolution
		HideSolutionNode = FALSE
	EndGlobalSection
	GlobalSection(NestedProjects) = preSolution
		{F035E809-A2D1-4689-B58C-7FF229F2B2C7} = {07FC5843-E943-4A40-A9B1-72ECFBE65B43}
		{07FC5843-E943-4A40-A9B1-72ECFBE65B43} = {E1E6E96C-3CBC-4265-8555-D2AC2E7C6E0C}
		{3D7EC6C4-F865-4AF9-81C4-911B6EC802BC} = {E1E6E96C-3CBC-4265-8555-D2AC2E7C6E0C}
		{EE4E3A13-86B8-4846-AB8D-F8AA32DCC461} = {E1E6E96C-3CBC-4265-8555-D2AC2E7C6E0C}
		{BADE49E7-FED4-42E4-9E0B-BE7641A9A23D} = {E1E6E96C-3CBC-4265-8555-D2AC2E7C6E0C}
		{D75B5F3C-3138-41CB-A290-F0E8A04DEE82} = {EE4E3A13-86B8-4846-AB8D-F8AA32DCC461}
		{6AAE1152-A02E-4DED-B0C0-AAEC9FC19135} = {BADE49E7-FED4-42E4-9E0B-BE7641A9A23D}
		{333FB2A5-AF4F-4D2C-83D3-15892069613D} = {6AAE1152-A02E-4DED-B0C0-AAEC9FC19135}
		{516AA424-05BE-46F7-BD00-7BBF720FDEF1} = {BADE49E7-FED4-42E4-9E0B-BE7641A9A23D}
		{620890D8-74BB-4766-AA62-10F6DF4E5B6E} = {516AA424-05BE-46F7-BD00-7BBF720FDEF1}
		{FB22D7BB-378F-4BB5-B411-21D86825C2CC} = {3D7EC6C4-F865-4AF9-81C4-911B6EC802BC}
	EndGlobalSection
	GlobalSection(ExtensibilityGlobals) = postSolution
		SolutionGuid = {118EE27E-DFEB-4DA0-8BD1-73424389801F}
	EndGlobalSection
EndGlobal
